
Microsoft Visual Studio Solution File, Format Version 12.00
# Visual Studio Version 16
VisualStudioVersion = 16.0.30104.148
MinimumVisualStudioVersion = 10.0.40219.1
Project("{FAE04EC0-301F-11D3-BF4B-00C04F79EFBC}") = "RolePlayMP", "RolePlayMP.csproj", "{E8BE8EC4-C5E6-4DB5-A0E1-E957616DF23C}"
EndProject
Global
	GlobalSection(SolutionConfigurationPlatforms) = preSolution
		Debug|Any CPU = Debug|Any CPU
		Release|Any CPU = Release|Any CPU
	EndGlobalSection
	GlobalSection(ProjectConfigurationPlatforms) = postSolution
		{E8BE8EC4-C5E6-4DB5-A0E1-E957616DF23C}.Debug|Any CPU.ActiveCfg = Debug|Any CPU
		{E8BE8EC4-C5E6-4DB5-A0E1-E957616DF23C}.Debug|Any CPU.Build.0 = Debug|Any CPU
		{E8BE8EC4-C5E6-4DB5-A0E1-E957616DF23C}.Release|Any CPU.ActiveCfg = Release|Any CPU
		{E8BE8EC4-C5E6-4DB5-A0E1-E957616DF23C}.Release|Any CPU.Build.0 = Release|Any CPU
	EndGlobalSection
	GlobalSection(SolutionProperties) = preSolution
		HideSolutionNode = FALSE
	EndGlobalSection
	GlobalSection(ExtensibilityGlobals) = postSolution
		SolutionGuid = {43BB080D-91FA-4480-AFB9-447D641351F1}
	EndGlobalSection
EndGlobal
